
Microsoft Visual Studio Solution File, Format Version 12.00
# Visual Studio 15
VisualStudioVersion = 15.0.28010.2036
MinimumVisualStudioVersion = 10.0.40219.1
Project("{8BC9CEB8-8B4A-11D0-8D11-00A0C91BC942}") = "Algebra", "Algebra\Algebra.vcxproj", "{E13B51C7-7BD3-406A-B622-F1D8F424F48F}"
EndProject
Project("{8BC9CEB8-8B4A-11D0-8D11-00A0C91BC942}") = "AlgebraTest", "AlgebraTest\AlgebraTest.vcxproj", "{E17B7499-A329-4D7D-AA19-0EEBC71CC5DA}"
EndProject
Global
	GlobalSection(SolutionConfigurationPlatforms) = preSolution
		Debug|x64 = Debug|x64
		Debug|x86 = Debug|x86
		Release|x64 = Release|x64
		Release|x86 = Release|x86
	EndGlobalSection
	GlobalSection(ProjectConfigurationPlatforms) = postSolution
		{E13B51C7-7BD3-406A-B622-F1D8F424F48F}.Debug|x64.ActiveCfg = Debug|x64
		{E13B51C7-7BD3-406A-B622-F1D8F424F48F}.Debug|x64.Build.0 = Debug|x64
		{E13B51C7-7BD3-406A-B622-F1D8F424F48F}.Debug|x86.ActiveCfg = Debug|Win32
		{E13B51C7-7BD3-406A-B622-F1D8F424F48F}.Debug|x86.Build.0 = Debug|Win32
		{E13B51C7-7BD3-406A-B622-F1D8F424F48F}.Release|x64.ActiveCfg = Release|x64
		{E13B51C7-7BD3-406A-B622-F1D8F424F48F}.Release|x64.Build.0 = Release|x64
		{E13B51C7-7BD3-406A-B622-F1D8F424F48F}.Release|x86.ActiveCfg = Release|Win32
		{E13B51C7-7BD3-406A-B622-F1D8F424F48F}.Release|x86.Build.0 = Release|Win32
		{E17B7499-A329-4D7D-AA19-0EEBC71CC5DA}.Debug|x64.ActiveCfg = Debug|x64
		{E17B7499-A329-4D7D-AA19-0EEBC71CC5DA}.Debug|x64.Build.0 = Debug|x64
		{E17B7499-A329-4D7D-AA19-0EEBC71CC5DA}.Debug|x86.ActiveCfg = Debug|Win32
		{E17B7499-A329-4D7D-AA19-0EEBC71CC5DA}.Debug|x86.Build.0 = Debug|Win32
		{E17B7499-A329-4D7D-AA19-0EEBC71CC5DA}.Release|x64.ActiveCfg = Release|x64
		{E17B7499-A329-4D7D-AA19-0EEBC71CC5DA}.Release|x64.Build.0 = Release|x64
		{E17B7499-A329-4D7D-AA19-0EEBC71CC5DA}.Release|x86.ActiveCfg = Release|Win32
		{E17B7499-A329-4D7D-AA19-0EEBC71CC5DA}.Release|x86.Build.0 = Release|Win32
	EndGlobalSection
	GlobalSection(SolutionProperties) = preSolution
		HideSolutionNode = FALSE
	EndGlobalSection
	GlobalSection(ExtensibilityGlobals) = postSolution
		SolutionGuid = {ACDF50B1-64F8-46B0-B8FE-254CE0F2A1BC}
	EndGlobalSection
EndGlobal
